
Microsoft Visual Studio Solution File, Format Version 12.00
# Visual Studio Version 16
VisualStudioVersion = 16.0.29519.181
MinimumVisualStudioVersion = 10.0.40219.1
Project("{FAE04EC0-301F-11D3-BF4B-00C04F79EFBC}") = "FileSearcher", "FileSearcher\FileSearcher.csproj", "{CFA9599A-60F2-474A-91CE-09C4E3788747}"
EndProject
Global
	GlobalSection(SolutionConfigurationPlatforms) = preSolution
		Debug|Any CPU = Debug|Any CPU
		Release|Any CPU = Release|Any CPU
	EndGlobalSection
	GlobalSection(ProjectConfigurationPlatforms) = postSolution
		{CFA9599A-60F2-474A-91CE-09C4E3788747}.Debug|Any CPU.ActiveCfg = Debug|Any CPU
		{CFA9599A-60F2-474A-91CE-09C4E3788747}.Debug|Any CPU.Build.0 = Debug|Any CPU
		{CFA9599A-60F2-474A-91CE-09C4E3788747}.Release|Any CPU.ActiveCfg = Release|Any CPU
		{CFA9599A-60F2-474A-91CE-09C4E3788747}.Release|Any CPU.Build.0 = Release|Any CPU
	EndGlobalSection
	GlobalSection(SolutionProperties) = preSolution
		HideSolutionNode = FALSE
	EndGlobalSection
	GlobalSection(ExtensibilityGlobals) = postSolution
		SolutionGuid = {37E6244D-6B44-4C0E-A889-BB9F0482E909}
	EndGlobalSection
EndGlobal
